
Microsoft Visual Studio Solution File, Format Version 12.00
# Visual Studio 14
VisualStudioVersion = 14.0.25420.1
MinimumVisualStudioVersion = 10.0.40219.1
Project("{FAE04EC0-301F-11D3-BF4B-00C04F79EFBC}") = "MultipleViews_Exer", "MultipleViews_Exer\MultipleViews_Exer.csproj", "{9BADFD21-933F-442C-8BA2-BC29945FFA27}"
EndProject
Project("{FAE04EC0-301F-11D3-BF4B-00C04F79EFBC}") = "MultipleViews_integrated", "MultipleViews_integrated\MultipleViews_integrated.csproj", "{6F78986F-061C-42D2-B118-B92658BA5F58}"
EndProject
Global
	GlobalSection(SolutionConfigurationPlatforms) = preSolution
		Debug|Any CPU = Debug|Any CPU
		Release|Any CPU = Release|Any CPU
	EndGlobalSection
	GlobalSection(ProjectConfigurationPlatforms) = postSolution
		{9BADFD21-933F-442C-8BA2-BC29945FFA27}.Debug|Any CPU.ActiveCfg = Debug|Any CPU
		{9BADFD21-933F-442C-8BA2-BC29945FFA27}.Debug|Any CPU.Build.0 = Debug|Any CPU
		{9BADFD21-933F-442C-8BA2-BC29945FFA27}.Release|Any CPU.ActiveCfg = Release|Any CPU
		{9BADFD21-933F-442C-8BA2-BC29945FFA27}.Release|Any CPU.Build.0 = Release|Any CPU
		{6F78986F-061C-42D2-B118-B92658BA5F58}.Debug|Any CPU.ActiveCfg = Debug|Any CPU
		{6F78986F-061C-42D2-B118-B92658BA5F58}.Debug|Any CPU.Build.0 = Debug|Any CPU
		{6F78986F-061C-42D2-B118-B92658BA5F58}.Release|Any CPU.ActiveCfg = Release|Any CPU
		{6F78986F-061C-42D2-B118-B92658BA5F58}.Release|Any CPU.Build.0 = Release|Any CPU
	EndGlobalSection
	GlobalSection(SolutionProperties) = preSolution
		HideSolutionNode = FALSE
	EndGlobalSection
EndGlobal
